// !$*UTF8*$!
{
	archiveVersion = 1;
	classes = {
	};
	objectVersion = 52;
	objects = {

/* Begin PBXBuildFile section */
		131F2E1025EC378000C2151F /* app-icon@2x-2 copy.png in Resources */ = {isa = PBXBuildFile; fileRef = 131F2E0F25EC378000C2151F /* app-icon@2x-2 copy.png */; };
		131F2E1425EC3B2E00C2151F /* Untitled drawing.png in Resources */ = {isa = PBXBuildFile; fileRef = 131F2E1325EC3B2E00C2151F /* Untitled drawing.png */; };
		131F2E1825EC3BF200C2151F /* Untitled drawing (1).png in Resources */ = {isa = PBXBuildFile; fileRef = 131F2E1725EC3BF200C2151F /* Untitled drawing (1).png */; };
		131F2E1B25EC40F200C2151F /* image.png in Resources */ = {isa = PBXBuildFile; fileRef = 131F2E1A25EC40F200C2151F /* image.png */; };
		131F2E1F25EC478300C2151F /* white logo transparent background .png in Resources */ = {isa = PBXBuildFile; fileRef = 131F2E1E25EC478200C2151F /* white logo transparent background .png */; };
		13286F4925EED98D00E6181F /* white logo.png in Resources */ = {isa = PBXBuildFile; fileRef = 13286F4825EED98D00E6181F /* white logo.png */; };
		1375A6DC25F7CB540085B1D7 /* white button.png in Resources */ = {isa = PBXBuildFile; fileRef = 1375A6DB25F7CB540085B1D7 /* white button.png */; };
		1375A6E025F866760085B1D7 /* background__2_.png in Resources */ = {isa = PBXBuildFile; fileRef = 1375A6DF25F866760085B1D7 /* background__2_.png */; };
		1375A6E325F866EA0085B1D7 /* iOS App design.png in Resources */ = {isa = PBXBuildFile; fileRef = 1375A6E225F866EA0085B1D7 /* iOS App design.png */; };
		1375A6E625F869510085B1D7 /* Untitled drawing (2).png in Resources */ = {isa = PBXBuildFile; fileRef = 1375A6E525F869510085B1D7 /* Untitled drawing (2).png */; };
		1375A6E925F86C830085B1D7 /* background__3__png.png in Resources */ = {isa = PBXBuildFile; fileRef = 1375A6E825F86C830085B1D7 /* background__3__png.png */; };
		1375A6EC25FBD0290085B1D7 /* Background.png in Resources */ = {isa = PBXBuildFile; fileRef = 1375A6EB25FBD0290085B1D7 /* Background.png */; };
		AE58F9F225C8C8D5002D6CF2 /* BirdbrainBLE in Frameworks */ = {isa = PBXBuildFile; productRef = AE58F9F125C8C8D5002D6CF2 /* BirdbrainBLE */; };
		AE58F9F625C8C914002D6CF2 /* BuzzBLE in Frameworks */ = {isa = PBXBuildFile; productRef = AE58F9F525C8C914002D6CF2 /* BuzzBLE */; };
		AE63991F25CCF5D800008B84 /* TrainViewController.swift in Sources */ = {isa = PBXBuildFile; fileRef = AE63991E25CCF5D800008B84 /* TrainViewController.swift */; };
		AE7869D325C7670000EB7B9D /* BackgroundProcess.swift in Sources */ = {isa = PBXBuildFile; fileRef = AE7869D225C7670000EB7B9D /* BackgroundProcess.swift */; };
		AE7B1F7A25C7067C00F5A219 /* RegisterViewController.swift in Sources */ = {isa = PBXBuildFile; fileRef = AE7B1F7925C7067C00F5A219 /* RegisterViewController.swift */; };
		AE7B1F7D25C7069000F5A219 /* RecoverAcctViewController.swift in Sources */ = {isa = PBXBuildFile; fileRef = AE7B1F7C25C7069000F5A219 /* RecoverAcctViewController.swift */; };
		AE7B1F8025C706B000F5A219 /* ConnectBuzzViewController.swift in Sources */ = {isa = PBXBuildFile; fileRef = AE7B1F7F25C706B000F5A219 /* ConnectBuzzViewController.swift */; };
		AE7B1F8425C707B300F5A219 /* Utilities.swift in Sources */ = {isa = PBXBuildFile; fileRef = AE7B1F8325C707B300F5A219 /* Utilities.swift */; };
		AE7B1F8825C708AD00F5A219 /* GoogleService-Info.plist in Resources */ = {isa = PBXBuildFile; fileRef = AE7B1F8725C708AD00F5A219 /* GoogleService-Info.plist */; };
		AE81049425CA24120070E6BE /* BuzzConnected.swift in Sources */ = {isa = PBXBuildFile; fileRef = AE81049325CA24120070E6BE /* BuzzConnected.swift */; };
		AE91409D25BF467400678345 /* AppDelegate.swift in Sources */ = {isa = PBXBuildFile; fileRef = AE91409C25BF467400678345 /* AppDelegate.swift */; };
		AE91409F25BF467400678345 /* SceneDelegate.swift in Sources */ = {isa = PBXBuildFile; fileRef = AE91409E25BF467400678345 /* SceneDelegate.swift */; };
		AE9140A125BF467400678345 /* LoginViewController.swift in Sources */ = {isa = PBXBuildFile; fileRef = AE9140A025BF467400678345 /* LoginViewController.swift */; };
		AE9140A425BF467400678345 /* Main.storyboard in Resources */ = {isa = PBXBuildFile; fileRef = AE9140A225BF467400678345 /* Main.storyboard */; };
		AE9140A725BF467400678345 /* Valence.xcdatamodeld in Sources */ = {isa = PBXBuildFile; fileRef = AE9140A525BF467400678345 /* Valence.xcdatamodeld */; };
		AE9140A925BF467500678345 /* Assets.xcassets in Resources */ = {isa = PBXBuildFile; fileRef = AE9140A825BF467500678345 /* Assets.xcassets */; };
		AE9140AC25BF467500678345 /* LaunchScreen.storyboard in Resources */ = {isa = PBXBuildFile; fileRef = AE9140AA25BF467500678345 /* LaunchScreen.storyboard */; };
		AE9140BE25BF569400678345 /* Connected.storyboard in Resources */ = {isa = PBXBuildFile; fileRef = AE9140BD25BF569400678345 /* Connected.storyboard */; };
		AE9FF36325CCDDD800FA3E64 /* Emotion_Voice_Detection_Model1.h5 in Resources */ = {isa = PBXBuildFile; fileRef = AE9FF36225CCDDD800FA3E64 /* Emotion_Voice_Detection_Model1.h5 */; };
		AEEDA8D525CBC8B000BBF3A9 /* FeedbackViewController.swift in Sources */ = {isa = PBXBuildFile; fileRef = AEEDA8D425CBC8B000BBF3A9 /* FeedbackViewController.swift */; };
		AEEEF94225CC716B004D98FC /* BuzzDeviceManager.swift in Sources */ = {isa = PBXBuildFile; fileRef = AEEEF94125CC716B004D98FC /* BuzzDeviceManager.swift */; };
		D5FC365D0407C49128EEBB81 /* Pods_Valence.framework in Frameworks */ = {isa = PBXBuildFile; fileRef = 2C48F6ACB9182740B9C7B03C /* Pods_Valence.framework */; };
		E91E247F263681580081B34A /* TestViewController.swift in Sources */ = {isa = PBXBuildFile; fileRef = E91E247E263681580081B34A /* TestViewController.swift */; };
		E91E249626368FFF0081B34A /* KeychainHelper.swift in Sources */ = {isa = PBXBuildFile; fileRef = E91E249526368FFF0081B34A /* KeychainHelper.swift */; };
		E91E24992636903C0081B34A /* String+Extensions.swift in Sources */ = {isa = PBXBuildFile; fileRef = E91E24982636903C0081B34A /* String+Extensions.swift */; };
		E91E249C263690410081B34A /* UIWindow.swift in Sources */ = {isa = PBXBuildFile; fileRef = E91E249B263690410081B34A /* UIWindow.swift */; };
		E91E249F263690460081B34A /* Encodable.swift in Sources */ = {isa = PBXBuildFile; fileRef = E91E249E263690460081B34A /* Encodable.swift */; };
		E91E24AD2636915C0081B34A /* AudioSampler.swift in Sources */ = {isa = PBXBuildFile; fileRef = E91E24A62636915A0081B34A /* AudioSampler.swift */; };
		E91E24AE2636915C0081B34A /* SoundRecognizerEngine.swift in Sources */ = {isa = PBXBuildFile; fileRef = E91E24A72636915A0081B34A /* SoundRecognizerEngine.swift */; };
		E91E24AF2636915C0081B34A /* CategoryRepository.swift in Sources */ = {isa = PBXBuildFile; fileRef = E91E24A82636915A0081B34A /* CategoryRepository.swift */; };
		E91E24B02636915C0081B34A /* AudioRecordingManager.swift in Sources */ = {isa = PBXBuildFile; fileRef = E91E24A92636915B0081B34A /* AudioRecordingManager.swift */; };
		E91E24B12636915C0081B34A /* AudioRecorder.swift in Sources */ = {isa = PBXBuildFile; fileRef = E91E24AA2636915B0081B34A /* AudioRecorder.swift */; };
		E91E24B22636915C0081B34A /* MicrophoneReader.swift in Sources */ = {isa = PBXBuildFile; fileRef = E91E24AB2636915B0081B34A /* MicrophoneReader.swift */; };
		E91E24B32636915C0081B34A /* RecognizeModel.swift in Sources */ = {isa = PBXBuildFile; fileRef = E91E24AC2636915C0081B34A /* RecognizeModel.swift */; };
		E91E24B6263691630081B34A /* model_v5.mlmodel in Sources */ = {isa = PBXBuildFile; fileRef = E91E24B5263691630081B34A /* model_v5.mlmodel */; };
		E977546E26376D95001EB523 /* Date.swift in Sources */ = {isa = PBXBuildFile; fileRef = E977546D26376D95001EB523 /* Date.swift */; };
/* End PBXBuildFile section */

/* Begin PBXFileReference section */
		131F2E0F25EC378000C2151F /* app-icon@2x-2 copy.png */ = {isa = PBXFileReference; lastKnownFileType = image.png; path = "app-icon@2x-2 copy.png"; sourceTree = "<group>"; };
		131F2E1325EC3B2E00C2151F /* Untitled drawing.png */ = {isa = PBXFileReference; lastKnownFileType = image.png; path = "Untitled drawing.png"; sourceTree = "<group>"; };
		131F2E1725EC3BF200C2151F /* Untitled drawing (1).png */ = {isa = PBXFileReference; lastKnownFileType = image.png; path = "Untitled drawing (1).png"; sourceTree = "<group>"; };
		131F2E1A25EC40F200C2151F /* image.png */ = {isa = PBXFileReference; lastKnownFileType = image.png; path = image.png; sourceTree = "<group>"; };
		131F2E1E25EC478200C2151F /* white logo transparent background .png */ = {isa = PBXFileReference; lastKnownFileType = image.png; path = "white logo transparent background .png"; sourceTree = "<group>"; };
		13286F4825EED98D00E6181F /* white logo.png */ = {isa = PBXFileReference; lastKnownFileType = image.png; path = "white logo.png"; sourceTree = "<group>"; };
		1375A6DB25F7CB540085B1D7 /* white button.png */ = {isa = PBXFileReference; lastKnownFileType = image.png; path = "white button.png"; sourceTree = "<group>"; };
		1375A6DF25F866760085B1D7 /* background__2_.png */ = {isa = PBXFileReference; lastKnownFileType = image.png; path = background__2_.png; sourceTree = "<group>"; };
		1375A6E225F866EA0085B1D7 /* iOS App design.png */ = {isa = PBXFileReference; lastKnownFileType = image.png; path = "iOS App design.png"; sourceTree = "<group>"; };
		1375A6E525F869510085B1D7 /* Untitled drawing (2).png */ = {isa = PBXFileReference; lastKnownFileType = image.png; path = "Untitled drawing (2).png"; sourceTree = "<group>"; };
		1375A6E825F86C830085B1D7 /* background__3__png.png */ = {isa = PBXFileReference; lastKnownFileType = image.png; path = background__3__png.png; sourceTree = "<group>"; };
		1375A6EB25FBD0290085B1D7 /* Background.png */ = {isa = PBXFileReference; lastKnownFileType = image.png; path = Background.png; sourceTree = "<group>"; };
		2C48F6ACB9182740B9C7B03C /* Pods_Valence.framework */ = {isa = PBXFileReference; explicitFileType = wrapper.framework; includeInIndex = 0; path = Pods_Valence.framework; sourceTree = BUILT_PRODUCTS_DIR; };
		63C3237851B38C6E4F4DE30B /* Pods-Valence.release.xcconfig */ = {isa = PBXFileReference; includeInIndex = 1; lastKnownFileType = text.xcconfig; name = "Pods-Valence.release.xcconfig"; path = "Target Support Files/Pods-Valence/Pods-Valence.release.xcconfig"; sourceTree = "<group>"; };
		A72CD7A4A343D926BF2FA928 /* Pods-Valence.debug.xcconfig */ = {isa = PBXFileReference; includeInIndex = 1; lastKnownFileType = text.xcconfig; name = "Pods-Valence.debug.xcconfig"; path = "Target Support Files/Pods-Valence/Pods-Valence.debug.xcconfig"; sourceTree = "<group>"; };
		AE63991E25CCF5D800008B84 /* TrainViewController.swift */ = {isa = PBXFileReference; lastKnownFileType = sourcecode.swift; path = TrainViewController.swift; sourceTree = "<group>"; };
		AE7869D225C7670000EB7B9D /* BackgroundProcess.swift */ = {isa = PBXFileReference; lastKnownFileType = sourcecode.swift; path = BackgroundProcess.swift; sourceTree = "<group>"; };
		AE7B1F7925C7067C00F5A219 /* RegisterViewController.swift */ = {isa = PBXFileReference; lastKnownFileType = sourcecode.swift; path = RegisterViewController.swift; sourceTree = "<group>"; };
		AE7B1F7C25C7069000F5A219 /* RecoverAcctViewController.swift */ = {isa = PBXFileReference; lastKnownFileType = sourcecode.swift; path = RecoverAcctViewController.swift; sourceTree = "<group>"; };
		AE7B1F7F25C706B000F5A219 /* ConnectBuzzViewController.swift */ = {isa = PBXFileReference; lastKnownFileType = sourcecode.swift; path = ConnectBuzzViewController.swift; sourceTree = "<group>"; };
		AE7B1F8325C707B300F5A219 /* Utilities.swift */ = {isa = PBXFileReference; lastKnownFileType = sourcecode.swift; path = Utilities.swift; sourceTree = "<group>"; };
		AE7B1F8725C708AD00F5A219 /* GoogleService-Info.plist */ = {isa = PBXFileReference; fileEncoding = 4; lastKnownFileType = text.plist.xml; path = "GoogleService-Info.plist"; sourceTree = "<group>"; };
		AE81049325CA24120070E6BE /* BuzzConnected.swift */ = {isa = PBXFileReference; lastKnownFileType = sourcecode.swift; path = BuzzConnected.swift; sourceTree = "<group>"; };
		AE91409925BF467400678345 /* Valence.app */ = {isa = PBXFileReference; explicitFileType = wrapper.application; includeInIndex = 0; path = Valence.app; sourceTree = BUILT_PRODUCTS_DIR; };
		AE91409C25BF467400678345 /* AppDelegate.swift */ = {isa = PBXFileReference; lastKnownFileType = sourcecode.swift; path = AppDelegate.swift; sourceTree = "<group>"; };
		AE91409E25BF467400678345 /* SceneDelegate.swift */ = {isa = PBXFileReference; lastKnownFileType = sourcecode.swift; path = SceneDelegate.swift; sourceTree = "<group>"; };
		AE9140A025BF467400678345 /* LoginViewController.swift */ = {isa = PBXFileReference; lastKnownFileType = sourcecode.swift; path = LoginViewController.swift; sourceTree = "<group>"; };
		AE9140A325BF467400678345 /* Base */ = {isa = PBXFileReference; lastKnownFileType = file.storyboard; name = Base; path = Base.lproj/Main.storyboard; sourceTree = "<group>"; };
		AE9140A625BF467400678345 /* Valence.xcdatamodel */ = {isa = PBXFileReference; lastKnownFileType = wrapper.xcdatamodel; path = Valence.xcdatamodel; sourceTree = "<group>"; };
		AE9140A825BF467500678345 /* Assets.xcassets */ = {isa = PBXFileReference; lastKnownFileType = folder.assetcatalog; path = Assets.xcassets; sourceTree = "<group>"; };
		AE9140AB25BF467500678345 /* Base */ = {isa = PBXFileReference; lastKnownFileType = file.storyboard; name = Base; path = Base.lproj/LaunchScreen.storyboard; sourceTree = "<group>"; };
		AE9140AD25BF467500678345 /* Info.plist */ = {isa = PBXFileReference; lastKnownFileType = text.plist.xml; path = Info.plist; sourceTree = "<group>"; };
		AE9140BD25BF569400678345 /* Connected.storyboard */ = {isa = PBXFileReference; lastKnownFileType = file.storyboard; path = Connected.storyboard; sourceTree = SOURCE_ROOT; };
		AE9FF36225CCDDD800FA3E64 /* Emotion_Voice_Detection_Model1.h5 */ = {isa = PBXFileReference; lastKnownFileType = file; path = Emotion_Voice_Detection_Model1.h5; sourceTree = "<group>"; };
		AEEDA8D425CBC8B000BBF3A9 /* FeedbackViewController.swift */ = {isa = PBXFileReference; lastKnownFileType = sourcecode.swift; path = FeedbackViewController.swift; sourceTree = "<group>"; };
		AEEEF94125CC716B004D98FC /* BuzzDeviceManager.swift */ = {isa = PBXFileReference; lastKnownFileType = sourcecode.swift; path = BuzzDeviceManager.swift; sourceTree = "<group>"; };
		E91E247E263681580081B34A /* TestViewController.swift */ = {isa = PBXFileReference; fileEncoding = 4; lastKnownFileType = sourcecode.swift; path = TestViewController.swift; sourceTree = "<group>"; };
		E91E249526368FFF0081B34A /* KeychainHelper.swift */ = {isa = PBXFileReference; fileEncoding = 4; lastKnownFileType = sourcecode.swift; path = KeychainHelper.swift; sourceTree = "<group>"; };
		E91E24982636903C0081B34A /* String+Extensions.swift */ = {isa = PBXFileReference; fileEncoding = 4; lastKnownFileType = sourcecode.swift; path = "String+Extensions.swift"; sourceTree = "<group>"; };
		E91E249B263690410081B34A /* UIWindow.swift */ = {isa = PBXFileReference; fileEncoding = 4; lastKnownFileType = sourcecode.swift; path = UIWindow.swift; sourceTree = "<group>"; };
		E91E249E263690460081B34A /* Encodable.swift */ = {isa = PBXFileReference; fileEncoding = 4; lastKnownFileType = sourcecode.swift; path = Encodable.swift; sourceTree = "<group>"; };
		E91E24A62636915A0081B34A /* AudioSampler.swift */ = {isa = PBXFileReference; fileEncoding = 4; lastKnownFileType = sourcecode.swift; path = AudioSampler.swift; sourceTree = "<group>"; };
		E91E24A72636915A0081B34A /* SoundRecognizerEngine.swift */ = {isa = PBXFileReference; fileEncoding = 4; lastKnownFileType = sourcecode.swift; path = SoundRecognizerEngine.swift; sourceTree = "<group>"; };
		E91E24A82636915A0081B34A /* CategoryRepository.swift */ = {isa = PBXFileReference; fileEncoding = 4; lastKnownFileType = sourcecode.swift; path = CategoryRepository.swift; sourceTree = "<group>"; };
		E91E24A92636915B0081B34A /* AudioRecordingManager.swift */ = {isa = PBXFileReference; fileEncoding = 4; lastKnownFileType = sourcecode.swift; path = AudioRecordingManager.swift; sourceTree = "<group>"; };
		E91E24AA2636915B0081B34A /* AudioRecorder.swift */ = {isa = PBXFileReference; fileEncoding = 4; lastKnownFileType = sourcecode.swift; path = AudioRecorder.swift; sourceTree = "<group>"; };
		E91E24AB2636915B0081B34A /* MicrophoneReader.swift */ = {isa = PBXFileReference; fileEncoding = 4; lastKnownFileType = sourcecode.swift; path = MicrophoneReader.swift; sourceTree = "<group>"; };
		E91E24AC2636915C0081B34A /* RecognizeModel.swift */ = {isa = PBXFileReference; fileEncoding = 4; lastKnownFileType = sourcecode.swift; path = RecognizeModel.swift; sourceTree = "<group>"; };
		E91E24B5263691630081B34A /* model_v5.mlmodel */ = {isa = PBXFileReference; lastKnownFileType = file.mlmodel; path = model_v5.mlmodel; sourceTree = "<group>"; };
		E977546D26376D95001EB523 /* Date.swift */ = {isa = PBXFileReference; lastKnownFileType = sourcecode.swift; path = Date.swift; sourceTree = "<group>"; };
/* End PBXFileReference section */

/* Begin PBXFrameworksBuildPhase section */
		AE91409625BF467400678345 /* Frameworks */ = {
			isa = PBXFrameworksBuildPhase;
			buildActionMask = 2147483647;
			files = (
				AE58F9F625C8C914002D6CF2 /* BuzzBLE in Frameworks */,
				AE58F9F225C8C8D5002D6CF2 /* BirdbrainBLE in Frameworks */,
				D5FC365D0407C49128EEBB81 /* Pods_Valence.framework in Frameworks */,
			);
			runOnlyForDeploymentPostprocessing = 0;
		};
/* End PBXFrameworksBuildPhase section */

/* Begin PBXGroup section */
		9A8005673AE77FD65DD1C0A5 /* Pods */ = {
			isa = PBXGroup;
			children = (
				A72CD7A4A343D926BF2FA928 /* Pods-Valence.debug.xcconfig */,
				63C3237851B38C6E4F4DE30B /* Pods-Valence.release.xcconfig */,
			);
			path = Pods;
			sourceTree = "<group>";
		};
		AE7B1F8625C707B900F5A219 /* Extensions and Utils */ = {
			isa = PBXGroup;
			children = (
				E91E249526368FFF0081B34A /* KeychainHelper.swift */,
				AE7B1F8325C707B300F5A219 /* Utilities.swift */,
				AE7869D225C7670000EB7B9D /* BackgroundProcess.swift */,
				AEEEF94125CC716B004D98FC /* BuzzDeviceManager.swift */,
				E91E24982636903C0081B34A /* String+Extensions.swift */,
				E91E249B263690410081B34A /* UIWindow.swift */,
				E91E249E263690460081B34A /* Encodable.swift */,
				E977546D26376D95001EB523 /* Date.swift */,
			);
			path = "Extensions and Utils";
			sourceTree = "<group>";
		};
		AE91409025BF467400678345 = {
			isa = PBXGroup;
			children = (
				AE91409B25BF467400678345 /* Valence */,
				AE91409A25BF467400678345 /* Products */,
				9A8005673AE77FD65DD1C0A5 /* Pods */,
				F09EB2748AB53CAFEF0284DC /* Frameworks */,
			);
			sourceTree = "<group>";
		};
		AE91409A25BF467400678345 /* Products */ = {
			isa = PBXGroup;
			children = (
				AE91409925BF467400678345 /* Valence.app */,
			);
			name = Products;
			sourceTree = "<group>";
		};
		AE91409B25BF467400678345 /* Valence */ = {
			isa = PBXGroup;
			children = (
				AE9FF36225CCDDD800FA3E64 /* Emotion_Voice_Detection_Model1.h5 */,
				AE7B1F8625C707B900F5A219 /* Extensions and Utils */,
				AE9140B925BF4BB800678345 /* Login and Landing */,
				AE9140BB25BF565A00678345 /* Connected */,
				AE9140B725BF4BA900678345 /* Default Delegates */,
				AE9140A825BF467500678345 /* Assets.xcassets */,
				AE9140AA25BF467500678345 /* LaunchScreen.storyboard */,
				AE9140AD25BF467500678345 /* Info.plist */,
				AE7B1F8725C708AD00F5A219 /* GoogleService-Info.plist */,
				AE9140A525BF467400678345 /* Valence.xcdatamodeld */,
			);
			path = Valence;
			sourceTree = "<group>";
		};
		AE9140B725BF4BA900678345 /* Default Delegates */ = {
			isa = PBXGroup;
			children = (
				1375A6EB25FBD0290085B1D7 /* Background.png */,
				1375A6E825F86C830085B1D7 /* background__3__png.png */,
				1375A6E525F869510085B1D7 /* Untitled drawing (2).png */,
				1375A6E225F866EA0085B1D7 /* iOS App design.png */,
				1375A6DF25F866760085B1D7 /* background__2_.png */,
				1375A6DB25F7CB540085B1D7 /* white button.png */,
				13286F4825EED98D00E6181F /* white logo.png */,
				131F2E1A25EC40F200C2151F /* image.png */,
				131F2E1E25EC478200C2151F /* white logo transparent background .png */,
				131F2E0F25EC378000C2151F /* app-icon@2x-2 copy.png */,
				AE91409C25BF467400678345 /* AppDelegate.swift */,
				AE91409E25BF467400678345 /* SceneDelegate.swift */,
				131F2E1725EC3BF200C2151F /* Untitled drawing (1).png */,
				131F2E1325EC3B2E00C2151F /* Untitled drawing.png */,
			);
			path = "Default Delegates";
			sourceTree = "<group>";
		};
		AE9140B925BF4BB800678345 /* Login and Landing */ = {
			isa = PBXGroup;
			children = (
				AE9140A225BF467400678345 /* Main.storyboard */,
				AE7B1F7925C7067C00F5A219 /* RegisterViewController.swift */,
				AE9140A025BF467400678345 /* LoginViewController.swift */,
				AE7B1F7C25C7069000F5A219 /* RecoverAcctViewController.swift */,
				AE7B1F7F25C706B000F5A219 /* ConnectBuzzViewController.swift */,
			);
			path = "Login and Landing";
			sourceTree = "<group>";
		};
		AE9140BB25BF565A00678345 /* Connected */ = {
			isa = PBXGroup;
			children = (
				E91E24A5263691500081B34A /* MicrophoneReader */,
				AE9140BD25BF569400678345 /* Connected.storyboard */,
				AE81049325CA24120070E6BE /* BuzzConnected.swift */,
				AEEDA8D425CBC8B000BBF3A9 /* FeedbackViewController.swift */,
				E91E247E263681580081B34A /* TestViewController.swift */,
				AE63991E25CCF5D800008B84 /* TrainViewController.swift */,
			);
			path = Connected;
			sourceTree = "<group>";
		};
		E91E24A5263691500081B34A /* MicrophoneReader */ = {
			isa = PBXGroup;
			children = (
				E91E24AA2636915B0081B34A /* AudioRecorder.swift */,
				E91E24A92636915B0081B34A /* AudioRecordingManager.swift */,
				E91E24A62636915A0081B34A /* AudioSampler.swift */,
				E91E24A82636915A0081B34A /* CategoryRepository.swift */,
				E91E24AB2636915B0081B34A /* MicrophoneReader.swift */,
				E91E24AC2636915C0081B34A /* RecognizeModel.swift */,
				E91E24A72636915A0081B34A /* SoundRecognizerEngine.swift */,
				E91E24B5263691630081B34A /* model_v5.mlmodel */,
			);
			path = MicrophoneReader;
			sourceTree = "<group>";
		};
		F09EB2748AB53CAFEF0284DC /* Frameworks */ = {
			isa = PBXGroup;
			children = (
				2C48F6ACB9182740B9C7B03C /* Pods_Valence.framework */,
			);
			name = Frameworks;
			sourceTree = "<group>";
		};
/* End PBXGroup section */

/* Begin PBXNativeTarget section */
		AE91409825BF467400678345 /* Valence */ = {
			isa = PBXNativeTarget;
			buildConfigurationList = AE9140B025BF467500678345 /* Build configuration list for PBXNativeTarget "Valence" */;
			buildPhases = (
				D28D80B23CFD615891CE0B13 /* [CP] Check Pods Manifest.lock */,
				AE91409525BF467400678345 /* Sources */,
				AE91409625BF467400678345 /* Frameworks */,
				AE91409725BF467400678345 /* Resources */,
				06A2B0F0C057A8D1E765AD6A /* [CP] Embed Pods Frameworks */,
			);
			buildRules = (
			);
			dependencies = (
			);
			name = Valence;
			packageProductDependencies = (
				AE58F9F125C8C8D5002D6CF2 /* BirdbrainBLE */,
				AE58F9F525C8C914002D6CF2 /* BuzzBLE */,
			);
			productName = Valence;
			productReference = AE91409925BF467400678345 /* Valence.app */;
			productType = "com.apple.product-type.application";
		};
/* End PBXNativeTarget section */

/* Begin PBXProject section */
		AE91409125BF467400678345 /* Project object */ = {
			isa = PBXProject;
			attributes = {
				LastSwiftUpdateCheck = 1230;
				LastUpgradeCheck = 1230;
				TargetAttributes = {
					AE91409825BF467400678345 = {
						CreatedOnToolsVersion = 12.3;
					};
				};
			};
			buildConfigurationList = AE91409425BF467400678345 /* Build configuration list for PBXProject "Valence" */;
			compatibilityVersion = "Xcode 9.3";
			developmentRegion = en;
			hasScannedForEncodings = 0;
			knownRegions = (
				en,
				Base,
			);
			mainGroup = AE91409025BF467400678345;
			packageReferences = (
				AE58F9F025C8C8D5002D6CF2 /* XCRemoteSwiftPackageReference "BirdbrainBLE" */,
				AE58F9F425C8C914002D6CF2 /* XCRemoteSwiftPackageReference "BuzzBLE" */,
			);
			productRefGroup = AE91409A25BF467400678345 /* Products */;
			projectDirPath = "";
			projectRoot = "";
			targets = (
				AE91409825BF467400678345 /* Valence */,
			);
		};
/* End PBXProject section */

/* Begin PBXResourcesBuildPhase section */
		AE91409725BF467400678345 /* Resources */ = {
			isa = PBXResourcesBuildPhase;
			buildActionMask = 2147483647;
			files = (
				1375A6DC25F7CB540085B1D7 /* white button.png in Resources */,
				131F2E1825EC3BF200C2151F /* Untitled drawing (1).png in Resources */,
				131F2E1025EC378000C2151F /* app-icon@2x-2 copy.png in Resources */,
				1375A6E625F869510085B1D7 /* Untitled drawing (2).png in Resources */,
				AE9140AC25BF467500678345 /* LaunchScreen.storyboard in Resources */,
				AE9140A925BF467500678345 /* Assets.xcassets in Resources */,
				AE7B1F8825C708AD00F5A219 /* GoogleService-Info.plist in Resources */,
				1375A6E025F866760085B1D7 /* background__2_.png in Resources */,
				131F2E1F25EC478300C2151F /* white logo transparent background .png in Resources */,
				131F2E1425EC3B2E00C2151F /* Untitled drawing.png in Resources */,
				AE9FF36325CCDDD800FA3E64 /* Emotion_Voice_Detection_Model1.h5 in Resources */,
				AE9140BE25BF569400678345 /* Connected.storyboard in Resources */,
				1375A6E925F86C830085B1D7 /* background__3__png.png in Resources */,
				AE9140A425BF467400678345 /* Main.storyboard in Resources */,
				1375A6E325F866EA0085B1D7 /* iOS App design.png in Resources */,
				1375A6EC25FBD0290085B1D7 /* Background.png in Resources */,
				131F2E1B25EC40F200C2151F /* image.png in Resources */,
				13286F4925EED98D00E6181F /* white logo.png in Resources */,
			);
			runOnlyForDeploymentPostprocessing = 0;
		};
/* End PBXResourcesBuildPhase section */

/* Begin PBXShellScriptBuildPhase section */
		06A2B0F0C057A8D1E765AD6A /* [CP] Embed Pods Frameworks */ = {
			isa = PBXShellScriptBuildPhase;
			buildActionMask = 2147483647;
			files = (
			);
			inputFileListPaths = (
				"${PODS_ROOT}/Target Support Files/Pods-Valence/Pods-Valence-frameworks-${CONFIGURATION}-input-files.xcfilelist",
			);
			name = "[CP] Embed Pods Frameworks";
			outputFileListPaths = (
				"${PODS_ROOT}/Target Support Files/Pods-Valence/Pods-Valence-frameworks-${CONFIGURATION}-output-files.xcfilelist",
			);
			runOnlyForDeploymentPostprocessing = 0;
			shellPath = /bin/sh;
			shellScript = "\"${PODS_ROOT}/Target Support Files/Pods-Valence/Pods-Valence-frameworks.sh\"\n";
			showEnvVarsInLog = 0;
		};
		D28D80B23CFD615891CE0B13 /* [CP] Check Pods Manifest.lock */ = {
			isa = PBXShellScriptBuildPhase;
			buildActionMask = 2147483647;
			files = (
			);
			inputFileListPaths = (
			);
			inputPaths = (
				"${PODS_PODFILE_DIR_PATH}/Podfile.lock",
				"${PODS_ROOT}/Manifest.lock",
			);
			name = "[CP] Check Pods Manifest.lock";
			outputFileListPaths = (
			);
			outputPaths = (
				"$(DERIVED_FILE_DIR)/Pods-Valence-checkManifestLockResult.txt",
			);
			runOnlyForDeploymentPostprocessing = 0;
			shellPath = /bin/sh;
			shellScript = "diff \"${PODS_PODFILE_DIR_PATH}/Podfile.lock\" \"${PODS_ROOT}/Manifest.lock\" > /dev/null\nif [ $? != 0 ] ; then\n    # print error to STDERR\n    echo \"error: The sandbox is not in sync with the Podfile.lock. Run 'pod install' or update your CocoaPods installation.\" >&2\n    exit 1\nfi\n# This output is used by Xcode 'outputs' to avoid re-running this script phase.\necho \"SUCCESS\" > \"${SCRIPT_OUTPUT_FILE_0}\"\n";
			showEnvVarsInLog = 0;
		};
/* End PBXShellScriptBuildPhase section */

/* Begin PBXSourcesBuildPhase section */
		AE91409525BF467400678345 /* Sources */ = {
			isa = PBXSourcesBuildPhase;
			buildActionMask = 2147483647;
			files = (
				E91E24B22636915C0081B34A /* MicrophoneReader.swift in Sources */,
				E91E247F263681580081B34A /* TestViewController.swift in Sources */,
				E91E249F263690460081B34A /* Encodable.swift in Sources */,
				E91E24B12636915C0081B34A /* AudioRecorder.swift in Sources */,
				AE9140A125BF467400678345 /* LoginViewController.swift in Sources */,
				AE7B1F7A25C7067C00F5A219 /* RegisterViewController.swift in Sources */,
				E91E24AD2636915C0081B34A /* AudioSampler.swift in Sources */,
				AE63991F25CCF5D800008B84 /* TrainViewController.swift in Sources */,
				E91E24992636903C0081B34A /* String+Extensions.swift in Sources */,
				AEEDA8D525CBC8B000BBF3A9 /* FeedbackViewController.swift in Sources */,
				E91E249C263690410081B34A /* UIWindow.swift in Sources */,
				E91E24B6263691630081B34A /* model_v5.mlmodel in Sources */,
				E91E24AE2636915C0081B34A /* SoundRecognizerEngine.swift in Sources */,
				AE7B1F8025C706B000F5A219 /* ConnectBuzzViewController.swift in Sources */,
				E91E24B32636915C0081B34A /* RecognizeModel.swift in Sources */,
				AE7B1F7D25C7069000F5A219 /* RecoverAcctViewController.swift in Sources */,
				AE91409D25BF467400678345 /* AppDelegate.swift in Sources */,
				AE9140A725BF467400678345 /* Valence.xcdatamodeld in Sources */,
				AE81049425CA24120070E6BE /* BuzzConnected.swift in Sources */,
				AE7869D325C7670000EB7B9D /* BackgroundProcess.swift in Sources */,
				AE7B1F8425C707B300F5A219 /* Utilities.swift in Sources */,
				AEEEF94225CC716B004D98FC /* BuzzDeviceManager.swift in Sources */,
				E91E24B02636915C0081B34A /* AudioRecordingManager.swift in Sources */,
				E91E24AF2636915C0081B34A /* CategoryRepository.swift in Sources */,
				E91E249626368FFF0081B34A /* KeychainHelper.swift in Sources */,
				E977546E26376D95001EB523 /* Date.swift in Sources */,
				AE91409F25BF467400678345 /* SceneDelegate.swift in Sources */,
			);
			runOnlyForDeploymentPostprocessing = 0;
		};
/* End PBXSourcesBuildPhase section */

/* Begin PBXVariantGroup section */
		AE9140A225BF467400678345 /* Main.storyboard */ = {
			isa = PBXVariantGroup;
			children = (
				AE9140A325BF467400678345 /* Base */,
			);
			name = Main.storyboard;
			sourceTree = "<group>";
		};
		AE9140AA25BF467500678345 /* LaunchScreen.storyboard */ = {
			isa = PBXVariantGroup;
			children = (
				AE9140AB25BF467500678345 /* Base */,
			);
			name = LaunchScreen.storyboard;
			sourceTree = "<group>";
		};
/* End PBXVariantGroup section */

/* Begin XCBuildConfiguration section */
		AE9140AE25BF467500678345 /* Debug */ = {
			isa = XCBuildConfiguration;
			buildSettings = {
				ALWAYS_SEARCH_USER_PATHS = NO;
				CLANG_ANALYZER_NONNULL = YES;
				CLANG_ANALYZER_NUMBER_OBJECT_CONVERSION = YES_AGGRESSIVE;
				CLANG_CXX_LANGUAGE_STANDARD = "gnu++14";
				CLANG_CXX_LIBRARY = "libc++";
				CLANG_ENABLE_MODULES = YES;
				CLANG_ENABLE_OBJC_ARC = YES;
				CLANG_ENABLE_OBJC_WEAK = YES;
				CLANG_WARN_BLOCK_CAPTURE_AUTORELEASING = YES;
				CLANG_WARN_BOOL_CONVERSION = YES;
				CLANG_WARN_COMMA = YES;
				CLANG_WARN_CONSTANT_CONVERSION = YES;
				CLANG_WARN_DEPRECATED_OBJC_IMPLEMENTATIONS = YES;
				CLANG_WARN_DIRECT_OBJC_ISA_USAGE = YES_ERROR;
				CLANG_WARN_DOCUMENTATION_COMMENTS = YES;
				CLANG_WARN_EMPTY_BODY = YES;
				CLANG_WARN_ENUM_CONVERSION = YES;
				CLANG_WARN_INFINITE_RECURSION = YES;
				CLANG_WARN_INT_CONVERSION = YES;
				CLANG_WARN_NON_LITERAL_NULL_CONVERSION = YES;
				CLANG_WARN_OBJC_IMPLICIT_RETAIN_SELF = YES;
				CLANG_WARN_OBJC_LITERAL_CONVERSION = YES;
				CLANG_WARN_OBJC_ROOT_CLASS = YES_ERROR;
				CLANG_WARN_QUOTED_INCLUDE_IN_FRAMEWORK_HEADER = YES;
				CLANG_WARN_RANGE_LOOP_ANALYSIS = YES;
				CLANG_WARN_STRICT_PROTOTYPES = YES;
				CLANG_WARN_SUSPICIOUS_MOVE = YES;
				CLANG_WARN_UNGUARDED_AVAILABILITY = YES_AGGRESSIVE;
				CLANG_WARN_UNREACHABLE_CODE = YES;
				CLANG_WARN__DUPLICATE_METHOD_MATCH = YES;
				COPY_PHASE_STRIP = NO;
				DEBUG_INFORMATION_FORMAT = dwarf;
				ENABLE_STRICT_OBJC_MSGSEND = YES;
				ENABLE_TESTABILITY = YES;
				GCC_C_LANGUAGE_STANDARD = gnu11;
				GCC_DYNAMIC_NO_PIC = NO;
				GCC_NO_COMMON_BLOCKS = YES;
				GCC_OPTIMIZATION_LEVEL = 0;
				GCC_PREPROCESSOR_DEFINITIONS = (
					"DEBUG=1",
					"$(inherited)",
				);
				GCC_WARN_64_TO_32_BIT_CONVERSION = YES;
				GCC_WARN_ABOUT_RETURN_TYPE = YES_ERROR;
				GCC_WARN_UNDECLARED_SELECTOR = YES;
				GCC_WARN_UNINITIALIZED_AUTOS = YES_AGGRESSIVE;
				GCC_WARN_UNUSED_FUNCTION = YES;
				GCC_WARN_UNUSED_VARIABLE = YES;
				IPHONEOS_DEPLOYMENT_TARGET = 12.0;
				MTL_ENABLE_DEBUG_INFO = INCLUDE_SOURCE;
				MTL_FAST_MATH = YES;
				ONLY_ACTIVE_ARCH = YES;
				SDKROOT = iphoneos;
				SWIFT_ACTIVE_COMPILATION_CONDITIONS = DEBUG;
				SWIFT_OPTIMIZATION_LEVEL = "-Onone";
			};
			name = Debug;
		};
		AE9140AF25BF467500678345 /* Release */ = {
			isa = XCBuildConfiguration;
			buildSettings = {
				ALWAYS_SEARCH_USER_PATHS = NO;
				CLANG_ANALYZER_NONNULL = YES;
				CLANG_ANALYZER_NUMBER_OBJECT_CONVERSION = YES_AGGRESSIVE;
				CLANG_CXX_LANGUAGE_STANDARD = "gnu++14";
				CLANG_CXX_LIBRARY = "libc++";
				CLANG_ENABLE_MODULES = YES;
				CLANG_ENABLE_OBJC_ARC = YES;
				CLANG_ENABLE_OBJC_WEAK = YES;
				CLANG_WARN_BLOCK_CAPTURE_AUTORELEASING = YES;
				CLANG_WARN_BOOL_CONVERSION = YES;
				CLANG_WARN_COMMA = YES;
				CLANG_WARN_CONSTANT_CONVERSION = YES;
				CLANG_WARN_DEPRECATED_OBJC_IMPLEMENTATIONS = YES;
				CLANG_WARN_DIRECT_OBJC_ISA_USAGE = YES_ERROR;
				CLANG_WARN_DOCUMENTATION_COMMENTS = YES;
				CLANG_WARN_EMPTY_BODY = YES;
				CLANG_WARN_ENUM_CONVERSION = YES;
				CLANG_WARN_INFINITE_RECURSION = YES;
				CLANG_WARN_INT_CONVERSION = YES;
				CLANG_WARN_NON_LITERAL_NULL_CONVERSION = YES;
				CLANG_WARN_OBJC_IMPLICIT_RETAIN_SELF = YES;
				CLANG_WARN_OBJC_LITERAL_CONVERSION = YES;
				CLANG_WARN_OBJC_ROOT_CLASS = YES_ERROR;
				CLANG_WARN_QUOTED_INCLUDE_IN_FRAMEWORK_HEADER = YES;
				CLANG_WARN_RANGE_LOOP_ANALYSIS = YES;
				CLANG_WARN_STRICT_PROTOTYPES = YES;
				CLANG_WARN_SUSPICIOUS_MOVE = YES;
				CLANG_WARN_UNGUARDED_AVAILABILITY = YES_AGGRESSIVE;
				CLANG_WARN_UNREACHABLE_CODE = YES;
				CLANG_WARN__DUPLICATE_METHOD_MATCH = YES;
				COPY_PHASE_STRIP = NO;
				DEBUG_INFORMATION_FORMAT = "dwarf-with-dsym";
				ENABLE_NS_ASSERTIONS = NO;
				ENABLE_STRICT_OBJC_MSGSEND = YES;
				GCC_C_LANGUAGE_STANDARD = gnu11;
				GCC_NO_COMMON_BLOCKS = YES;
				GCC_WARN_64_TO_32_BIT_CONVERSION = YES;
				GCC_WARN_ABOUT_RETURN_TYPE = YES_ERROR;
				GCC_WARN_UNDECLARED_SELECTOR = YES;
				GCC_WARN_UNINITIALIZED_AUTOS = YES_AGGRESSIVE;
				GCC_WARN_UNUSED_FUNCTION = YES;
				GCC_WARN_UNUSED_VARIABLE = YES;
				IPHONEOS_DEPLOYMENT_TARGET = 12.0;
				MTL_ENABLE_DEBUG_INFO = NO;
				MTL_FAST_MATH = YES;
				SDKROOT = iphoneos;
				SWIFT_COMPILATION_MODE = wholemodule;
				SWIFT_OPTIMIZATION_LEVEL = "-O";
				VALIDATE_PRODUCT = YES;
			};
			name = Release;
		};
		AE9140B125BF467500678345 /* Debug */ = {
			isa = XCBuildConfiguration;
			baseConfigurationReference = A72CD7A4A343D926BF2FA928 /* Pods-Valence.debug.xcconfig */;
			buildSettings = {
				ASSETCATALOG_COMPILER_APPICON_NAME = AppIcon;
				ASSETCATALOG_COMPILER_GLOBAL_ACCENT_COLOR_NAME = AccentColor;
				CODE_SIGN_STYLE = Automatic;
				CURRENT_PROJECT_VERSION = 2;
				DEVELOPMENT_TEAM = 8PS4657Q7G;
				INFOPLIST_FILE = Valence/Info.plist;
				IPHONEOS_DEPLOYMENT_TARGET = 13.0;
				LD_RUNPATH_SEARCH_PATHS = (
					"$(inherited)",
					"@executable_path/Frameworks",
				);
				PRODUCT_BUNDLE_IDENTIFIER = com.chloe.Valence;
				PRODUCT_NAME = "$(TARGET_NAME)";
				SWIFT_VERSION = 5.0;
				TARGETED_DEVICE_FAMILY = 1;
			};
			name = Debug;
		};
		AE9140B225BF467500678345 /* Release */ = {
			isa = XCBuildConfiguration;
			baseConfigurationReference = 63C3237851B38C6E4F4DE30B /* Pods-Valence.release.xcconfig */;
			buildSettings = {
				ASSETCATALOG_COMPILER_APPICON_NAME = AppIcon;
				ASSETCATALOG_COMPILER_GLOBAL_ACCENT_COLOR_NAME = AccentColor;
				CODE_SIGN_STYLE = Automatic;
				CURRENT_PROJECT_VERSION = 2;
				DEVELOPMENT_TEAM = 8PS4657Q7G;
				INFOPLIST_FILE = Valence/Info.plist;
				IPHONEOS_DEPLOYMENT_TARGET = 13.0;
				LD_RUNPATH_SEARCH_PATHS = (
					"$(inherited)",
					"@executable_path/Frameworks",
				);
				PRODUCT_BUNDLE_IDENTIFIER = com.chloe.Valence;
				PRODUCT_NAME = "$(TARGET_NAME)";
				SWIFT_VERSION = 5.0;
				TARGETED_DEVICE_FAMILY = 1;
			};
			name = Release;
		};
/* End XCBuildConfiguration section */

/* Begin XCConfigurationList section */
		AE91409425BF467400678345 /* Build configuration list for PBXProject "Valence" */ = {
			isa = XCConfigurationList;
			buildConfigurations = (
				AE9140AE25BF467500678345 /* Debug */,
				AE9140AF25BF467500678345 /* Release */,
			);
			defaultConfigurationIsVisible = 0;
			defaultConfigurationName = Release;
		};
		AE9140B025BF467500678345 /* Build configuration list for PBXNativeTarget "Valence" */ = {
			isa = XCConfigurationList;
			buildConfigurations = (
				AE9140B125BF467500678345 /* Debug */,
				AE9140B225BF467500678345 /* Release */,
			);
			defaultConfigurationIsVisible = 0;
			defaultConfigurationName = Release;
		};
/* End XCConfigurationList section */

/* Begin XCRemoteSwiftPackageReference section */
		AE58F9F025C8C8D5002D6CF2 /* XCRemoteSwiftPackageReference "BirdbrainBLE" */ = {
			isa = XCRemoteSwiftPackageReference;
			repositoryURL = "https://github.com/chrisbartley/BirdbrainBLE.git";
			requirement = {
				branch = master;
				kind = branch;
			};
		};
		AE58F9F425C8C914002D6CF2 /* XCRemoteSwiftPackageReference "BuzzBLE" */ = {
			isa = XCRemoteSwiftPackageReference;
			repositoryURL = "https://github.com/chrisbartley/BuzzBLE.git";
			requirement = {
				branch = master;
				kind = branch;
			};
		};
/* End XCRemoteSwiftPackageReference section */

/* Begin XCSwiftPackageProductDependency section */
		AE58F9F125C8C8D5002D6CF2 /* BirdbrainBLE */ = {
			isa = XCSwiftPackageProductDependency;
			package = AE58F9F025C8C8D5002D6CF2 /* XCRemoteSwiftPackageReference "BirdbrainBLE" */;
			productName = BirdbrainBLE;
		};
		AE58F9F525C8C914002D6CF2 /* BuzzBLE */ = {
			isa = XCSwiftPackageProductDependency;
			package = AE58F9F425C8C914002D6CF2 /* XCRemoteSwiftPackageReference "BuzzBLE" */;
			productName = BuzzBLE;
		};
/* End XCSwiftPackageProductDependency section */

/* Begin XCVersionGroup section */
		AE9140A525BF467400678345 /* Valence.xcdatamodeld */ = {
			isa = XCVersionGroup;
			children = (
				AE9140A625BF467400678345 /* Valence.xcdatamodel */,
			);
			currentVersion = AE9140A625BF467400678345 /* Valence.xcdatamodel */;
			path = Valence.xcdatamodeld;
			sourceTree = "<group>";
			versionGroupType = wrapper.xcdatamodel;
		};
/* End XCVersionGroup section */
	};
	rootObject = AE91409125BF467400678345 /* Project object */;
}
